
Microsoft Visual Studio Solution File, Format Version 12.00
Project("{FAE04EC0-301F-11D3-BF4B-00C04F79EFBC}") = "Se.Web.Server", "Se.Web.Server\Se.Web.Server.csproj", "{2876CDA9-12B6-466E-BB16-00E07F2EFCCA}"
EndProject
Project("{FAE04EC0-301F-11D3-BF4B-00C04F79EFBC}") = "Se.Web.Server.Tests", "Se.Web.Server.Tests\Se.Web.Server.Tests.csproj", "{F42F78EA-E66A-4108-A981-9B0E680469CB}"
EndProject
Project("{FAE04EC0-301F-11D3-BF4B-00C04F79EFBC}") = "Se.Application", "Se.Application\Se.Application.csproj", "{1800A8A0-25FB-4219-8B2F-36D20A2578B2}"
EndProject
Project("{FAE04EC0-301F-11D3-BF4B-00C04F79EFBC}") = "Se.Database", "Se.Database\Se.Database.csproj", "{DF2FEC5B-285A-4B53-8407-37F99063ABFD}"
EndProject
Project("{FAE04EC0-301F-11D3-BF4B-00C04F79EFBC}") = "Se.Domain", "Se.Domain\Se.Domain.csproj", "{93232A4B-2231-4A43-B29B-2E5BA70D0FC6}"
EndProject
Project("{FAE04EC0-301F-11D3-BF4B-00C04F79EFBC}") = "Se.Contracts", "Se.Contracts\Se.Contracts.csproj", "{18B83A58-BEB0-4DDE-8FB9-B2401D1F83F0}"
EndProject
Project("{FAE04EC0-301F-11D3-BF4B-00C04F79EFBC}") = "Se.Web.Client", "Se.Web.Client\Se.Web.Client.csproj", "{E236272B-FCD9-453F-8714-0BF6E8281C7E}"
EndProject
Global
	GlobalSection(SolutionConfigurationPlatforms) = preSolution
		Debug|Any CPU = Debug|Any CPU
		Release|Any CPU = Release|Any CPU
	EndGlobalSection
	GlobalSection(ProjectConfigurationPlatforms) = postSolution
		{2876CDA9-12B6-466E-BB16-00E07F2EFCCA}.Debug|Any CPU.ActiveCfg = Debug|Any CPU
		{2876CDA9-12B6-466E-BB16-00E07F2EFCCA}.Debug|Any CPU.Build.0 = Debug|Any CPU
		{2876CDA9-12B6-466E-BB16-00E07F2EFCCA}.Release|Any CPU.ActiveCfg = Release|Any CPU
		{2876CDA9-12B6-466E-BB16-00E07F2EFCCA}.Release|Any CPU.Build.0 = Release|Any CPU
		{F42F78EA-E66A-4108-A981-9B0E680469CB}.Debug|Any CPU.ActiveCfg = Debug|Any CPU
		{F42F78EA-E66A-4108-A981-9B0E680469CB}.Debug|Any CPU.Build.0 = Debug|Any CPU
		{F42F78EA-E66A-4108-A981-9B0E680469CB}.Release|Any CPU.ActiveCfg = Release|Any CPU
		{F42F78EA-E66A-4108-A981-9B0E680469CB}.Release|Any CPU.Build.0 = Release|Any CPU
		{1800A8A0-25FB-4219-8B2F-36D20A2578B2}.Debug|Any CPU.ActiveCfg = Debug|Any CPU
		{1800A8A0-25FB-4219-8B2F-36D20A2578B2}.Debug|Any CPU.Build.0 = Debug|Any CPU
		{1800A8A0-25FB-4219-8B2F-36D20A2578B2}.Release|Any CPU.ActiveCfg = Release|Any CPU
		{1800A8A0-25FB-4219-8B2F-36D20A2578B2}.Release|Any CPU.Build.0 = Release|Any CPU
		{DF2FEC5B-285A-4B53-8407-37F99063ABFD}.Debug|Any CPU.ActiveCfg = Debug|Any CPU
		{DF2FEC5B-285A-4B53-8407-37F99063ABFD}.Debug|Any CPU.Build.0 = Debug|Any CPU
		{DF2FEC5B-285A-4B53-8407-37F99063ABFD}.Release|Any CPU.ActiveCfg = Release|Any CPU
		{DF2FEC5B-285A-4B53-8407-37F99063ABFD}.Release|Any CPU.Build.0 = Release|Any CPU
		{93232A4B-2231-4A43-B29B-2E5BA70D0FC6}.Debug|Any CPU.ActiveCfg = Debug|Any CPU
		{93232A4B-2231-4A43-B29B-2E5BA70D0FC6}.Debug|Any CPU.Build.0 = Debug|Any CPU
		{93232A4B-2231-4A43-B29B-2E5BA70D0FC6}.Release|Any CPU.ActiveCfg = Release|Any CPU
		{93232A4B-2231-4A43-B29B-2E5BA70D0FC6}.Release|Any CPU.Build.0 = Release|Any CPU
		{18B83A58-BEB0-4DDE-8FB9-B2401D1F83F0}.Debug|Any CPU.ActiveCfg = Debug|Any CPU
		{18B83A58-BEB0-4DDE-8FB9-B2401D1F83F0}.Debug|Any CPU.Build.0 = Debug|Any CPU
		{18B83A58-BEB0-4DDE-8FB9-B2401D1F83F0}.Release|Any CPU.ActiveCfg = Release|Any CPU
		{18B83A58-BEB0-4DDE-8FB9-B2401D1F83F0}.Release|Any CPU.Build.0 = Release|Any CPU
		{E236272B-FCD9-453F-8714-0BF6E8281C7E}.Debug|Any CPU.ActiveCfg = Debug|Any CPU
		{E236272B-FCD9-453F-8714-0BF6E8281C7E}.Debug|Any CPU.Build.0 = Debug|Any CPU
		{E236272B-FCD9-453F-8714-0BF6E8281C7E}.Release|Any CPU.ActiveCfg = Release|Any CPU
		{E236272B-FCD9-453F-8714-0BF6E8281C7E}.Release|Any CPU.Build.0 = Release|Any CPU
	EndGlobalSection
EndGlobal
